
Microsoft Visual Studio Solution File, Format Version 12.00
# Visual Studio 15
VisualStudioVersion = 15.0.27703.2047
MinimumVisualStudioVersion = 10.0.40219.1
Project("{FAE04EC0-301F-11D3-BF4B-00C04F79EFBC}") = "EmployeeExercise", "EmployeeExercise\EmployeeExercise.csproj", "{FF62F81C-0BEB-40A5-B47A-D522B82E8120}"
EndProject
Global
	GlobalSection(SolutionConfigurationPlatforms) = preSolution
		Debug|Any CPU = Debug|Any CPU
		Release|Any CPU = Release|Any CPU
	EndGlobalSection
	GlobalSection(ProjectConfigurationPlatforms) = postSolution
		{FF62F81C-0BEB-40A5-B47A-D522B82E8120}.Debug|Any CPU.ActiveCfg = Debug|Any CPU
		{FF62F81C-0BEB-40A5-B47A-D522B82E8120}.Debug|Any CPU.Build.0 = Debug|Any CPU
		{FF62F81C-0BEB-40A5-B47A-D522B82E8120}.Release|Any CPU.ActiveCfg = Release|Any CPU
		{FF62F81C-0BEB-40A5-B47A-D522B82E8120}.Release|Any CPU.Build.0 = Release|Any CPU
	EndGlobalSection
	GlobalSection(SolutionProperties) = preSolution
		HideSolutionNode = FALSE
	EndGlobalSection
	GlobalSection(ExtensibilityGlobals) = postSolution
		SolutionGuid = {8FAB369A-E101-4422-9F5F-283642A536C4}
	EndGlobalSection
EndGlobal
